
Microsoft Visual Studio Solution File, Format Version 12.00
# Visual Studio 15
VisualStudioVersion = 15.0.26228.4
MinimumVisualStudioVersion = 10.0.40219.1
Project("{FAE04EC0-301F-11D3-BF4B-00C04F79EFBC}") = "DONDE_INVIERTO.Web", "DONDE_INVIERTO.Web\DONDE_INVIERTO.Web.csproj", "{477666BD-BB7B-4CAF-B657-F8FE9F857E56}"
EndProject
Project("{FAE04EC0-301F-11D3-BF4B-00C04F79EFBC}") = "DONDE_INVIERTO.Web.Tests", "DONDE_INVIERTO.Web.Tests\DONDE_INVIERTO.Web.Tests.csproj", "{871FD0C7-0A18-495A-B987-96154734F077}"
EndProject
Project("{FAE04EC0-301F-11D3-BF4B-00C04F79EFBC}") = "DONDE_INVIERTO.Util", "DONDE_INVIERTO.Util\DONDE_INVIERTO.Util.csproj", "{CF69F4A6-0369-4067-B502-99D663DBF1BD}"
EndProject
Project("{FAE04EC0-301F-11D3-BF4B-00C04F79EFBC}") = "DONDE_INVIERTO.Service", "DONDE_INVIERTO.Service\DONDE_INVIERTO.Service.csproj", "{A8FFB45E-70F0-462F-9211-018176646470}"
EndProject
Project("{FAE04EC0-301F-11D3-BF4B-00C04F79EFBC}") = "DONDE_INVIERTO.Entity", "DONDE_INVIERTO.Entity\DONDE_INVIERTO.Entity.csproj", "{2123DA41-441D-4778-B624-0D52419AEA0B}"
EndProject
Global
	GlobalSection(SolutionConfigurationPlatforms) = preSolution
		Debug|Any CPU = Debug|Any CPU
		Release|Any CPU = Release|Any CPU
	EndGlobalSection
	GlobalSection(ProjectConfigurationPlatforms) = postSolution
		{477666BD-BB7B-4CAF-B657-F8FE9F857E56}.Debug|Any CPU.ActiveCfg = Debug|Any CPU
		{477666BD-BB7B-4CAF-B657-F8FE9F857E56}.Debug|Any CPU.Build.0 = Debug|Any CPU
		{477666BD-BB7B-4CAF-B657-F8FE9F857E56}.Release|Any CPU.ActiveCfg = Release|Any CPU
		{477666BD-BB7B-4CAF-B657-F8FE9F857E56}.Release|Any CPU.Build.0 = Release|Any CPU
		{871FD0C7-0A18-495A-B987-96154734F077}.Debug|Any CPU.ActiveCfg = Debug|Any CPU
		{871FD0C7-0A18-495A-B987-96154734F077}.Debug|Any CPU.Build.0 = Debug|Any CPU
		{871FD0C7-0A18-495A-B987-96154734F077}.Release|Any CPU.ActiveCfg = Release|Any CPU
		{871FD0C7-0A18-495A-B987-96154734F077}.Release|Any CPU.Build.0 = Release|Any CPU
		{CF69F4A6-0369-4067-B502-99D663DBF1BD}.Debug|Any CPU.ActiveCfg = Debug|Any CPU
		{CF69F4A6-0369-4067-B502-99D663DBF1BD}.Debug|Any CPU.Build.0 = Debug|Any CPU
		{CF69F4A6-0369-4067-B502-99D663DBF1BD}.Release|Any CPU.ActiveCfg = Release|Any CPU
		{CF69F4A6-0369-4067-B502-99D663DBF1BD}.Release|Any CPU.Build.0 = Release|Any CPU
		{A8FFB45E-70F0-462F-9211-018176646470}.Debug|Any CPU.ActiveCfg = Debug|Any CPU
		{A8FFB45E-70F0-462F-9211-018176646470}.Debug|Any CPU.Build.0 = Debug|Any CPU
		{A8FFB45E-70F0-462F-9211-018176646470}.Release|Any CPU.ActiveCfg = Release|Any CPU
		{A8FFB45E-70F0-462F-9211-018176646470}.Release|Any CPU.Build.0 = Release|Any CPU
		{2123DA41-441D-4778-B624-0D52419AEA0B}.Debug|Any CPU.ActiveCfg = Debug|Any CPU
		{2123DA41-441D-4778-B624-0D52419AEA0B}.Debug|Any CPU.Build.0 = Debug|Any CPU
		{2123DA41-441D-4778-B624-0D52419AEA0B}.Release|Any CPU.ActiveCfg = Release|Any CPU
		{2123DA41-441D-4778-B624-0D52419AEA0B}.Release|Any CPU.Build.0 = Release|Any CPU
	EndGlobalSection
	GlobalSection(SolutionProperties) = preSolution
		HideSolutionNode = FALSE
	EndGlobalSection
EndGlobal
