
Microsoft Visual Studio Solution File, Format Version 12.00
# Visual Studio 15
VisualStudioVersion = 15.0.26730.16
MinimumVisualStudioVersion = 10.0.40219.1
Project("{FAE04EC0-301F-11D3-BF4B-00C04F79EFBC}") = "DONDE_INVIERTO.Web", "DONDE_INVIERTO.Web\DONDE_INVIERTO.Web.csproj", "{477666BD-BB7B-4CAF-B657-F8FE9F857E56}"
EndProject
Project("{FAE04EC0-301F-11D3-BF4B-00C04F79EFBC}") = "DONDE_INVIERTO.Web.Tests", "DONDE_INVIERTO.Web.Tests\DONDE_INVIERTO.Web.Tests.csproj", "{871FD0C7-0A18-495A-B987-96154734F077}"
EndProject
Project("{FAE04EC0-301F-11D3-BF4B-00C04F79EFBC}") = "DONDE_INVIERTO.Model", "DONDE_INVIERTO.Model\DONDE_INVIERTO.Model.csproj", "{AAF7B17C-85DD-4D78-AE53-0B0392E7E82B}"
EndProject
Project("{FAE04EC0-301F-11D3-BF4B-00C04F79EFBC}") = "DONDE_INVIERTO.Entity", "DONDE_INVIERTO.Entity\DONDE_INVIERTO.Entity.csproj", "{F5755FEC-2B51-411A-8D15-F040C39AD146}"
EndProject
Project("{FAE04EC0-301F-11D3-BF4B-00C04F79EFBC}") = "DONDE_INVIERTO.Service", "DONDE_INVIERTO.Service\DONDE_INVIERTO.Service.csproj", "{09717102-7D62-4726-8C15-5D6EE9EE708D}"
EndProject
Project("{FAE04EC0-301F-11D3-BF4B-00C04F79EFBC}") = "ANTLR", "ANTLR\ANTLR.csproj", "{D0F04F63-F24E-4187-8A6B-CB6DC8253405}"
EndProject
Project("{FAE04EC0-301F-11D3-BF4B-00C04F79EFBC}") = "DONDE_INVIERTO.DataStorage", "DONDE_INVIERTO.DataStorage\DONDE_INVIERTO.DataStorage.csproj", "{CB9ED814-1947-49B5-B481-07C15B3F3A6A}"
EndProject
Global
	GlobalSection(SolutionConfigurationPlatforms) = preSolution
		Debug|Any CPU = Debug|Any CPU
		Release|Any CPU = Release|Any CPU
	EndGlobalSection
	GlobalSection(ProjectConfigurationPlatforms) = postSolution
		{477666BD-BB7B-4CAF-B657-F8FE9F857E56}.Debug|Any CPU.ActiveCfg = Debug|Any CPU
		{477666BD-BB7B-4CAF-B657-F8FE9F857E56}.Debug|Any CPU.Build.0 = Debug|Any CPU
		{477666BD-BB7B-4CAF-B657-F8FE9F857E56}.Release|Any CPU.ActiveCfg = Release|Any CPU
		{477666BD-BB7B-4CAF-B657-F8FE9F857E56}.Release|Any CPU.Build.0 = Release|Any CPU
		{871FD0C7-0A18-495A-B987-96154734F077}.Debug|Any CPU.ActiveCfg = Debug|Any CPU
		{871FD0C7-0A18-495A-B987-96154734F077}.Debug|Any CPU.Build.0 = Debug|Any CPU
		{871FD0C7-0A18-495A-B987-96154734F077}.Release|Any CPU.ActiveCfg = Release|Any CPU
		{871FD0C7-0A18-495A-B987-96154734F077}.Release|Any CPU.Build.0 = Release|Any CPU
		{AAF7B17C-85DD-4D78-AE53-0B0392E7E82B}.Debug|Any CPU.ActiveCfg = Debug|Any CPU
		{AAF7B17C-85DD-4D78-AE53-0B0392E7E82B}.Debug|Any CPU.Build.0 = Debug|Any CPU
		{AAF7B17C-85DD-4D78-AE53-0B0392E7E82B}.Release|Any CPU.ActiveCfg = Release|Any CPU
		{AAF7B17C-85DD-4D78-AE53-0B0392E7E82B}.Release|Any CPU.Build.0 = Release|Any CPU
		{F5755FEC-2B51-411A-8D15-F040C39AD146}.Debug|Any CPU.ActiveCfg = Debug|Any CPU
		{F5755FEC-2B51-411A-8D15-F040C39AD146}.Debug|Any CPU.Build.0 = Debug|Any CPU
		{F5755FEC-2B51-411A-8D15-F040C39AD146}.Release|Any CPU.ActiveCfg = Release|Any CPU
		{F5755FEC-2B51-411A-8D15-F040C39AD146}.Release|Any CPU.Build.0 = Release|Any CPU
		{09717102-7D62-4726-8C15-5D6EE9EE708D}.Debug|Any CPU.ActiveCfg = Debug|Any CPU
		{09717102-7D62-4726-8C15-5D6EE9EE708D}.Debug|Any CPU.Build.0 = Debug|Any CPU
		{09717102-7D62-4726-8C15-5D6EE9EE708D}.Release|Any CPU.ActiveCfg = Release|Any CPU
		{09717102-7D62-4726-8C15-5D6EE9EE708D}.Release|Any CPU.Build.0 = Release|Any CPU
		{D0F04F63-F24E-4187-8A6B-CB6DC8253405}.Debug|Any CPU.ActiveCfg = Debug|Any CPU
		{D0F04F63-F24E-4187-8A6B-CB6DC8253405}.Debug|Any CPU.Build.0 = Debug|Any CPU
		{D0F04F63-F24E-4187-8A6B-CB6DC8253405}.Release|Any CPU.ActiveCfg = Release|Any CPU
		{D0F04F63-F24E-4187-8A6B-CB6DC8253405}.Release|Any CPU.Build.0 = Release|Any CPU
		{CB9ED814-1947-49B5-B481-07C15B3F3A6A}.Debug|Any CPU.ActiveCfg = Debug|Any CPU
		{CB9ED814-1947-49B5-B481-07C15B3F3A6A}.Debug|Any CPU.Build.0 = Debug|Any CPU
		{CB9ED814-1947-49B5-B481-07C15B3F3A6A}.Release|Any CPU.ActiveCfg = Release|Any CPU
		{CB9ED814-1947-49B5-B481-07C15B3F3A6A}.Release|Any CPU.Build.0 = Release|Any CPU
	EndGlobalSection
	GlobalSection(SolutionProperties) = preSolution
		HideSolutionNode = FALSE
	EndGlobalSection
	GlobalSection(ExtensibilityGlobals) = postSolution
		SolutionGuid = {307B1E9D-4647-494F-BAB4-BE11E2DF47DD}
	EndGlobalSection
EndGlobal
